
Microsoft Visual Studio Solution File, Format Version 12.00
# Visual Studio Version 17
VisualStudioVersion = 17.9.34728.123
MinimumVisualStudioVersion = 10.0.40219.1
Project("{FAE04EC0-301F-11D3-BF4B-00C04F79EFBC}") = "Kiosk2", "Kiosk2.csproj", "{78887A61-646C-4001-A862-9CB3C1988151}"
EndProject
Global
	GlobalSection(SolutionConfigurationPlatforms) = preSolution
		Debug|Any CPU = Debug|Any CPU
		Release|Any CPU = Release|Any CPU
	EndGlobalSection
	GlobalSection(ProjectConfigurationPlatforms) = postSolution
		{78887A61-646C-4001-A862-9CB3C1988151}.Debug|Any CPU.ActiveCfg = Debug|Any CPU
		{78887A61-646C-4001-A862-9CB3C1988151}.Debug|Any CPU.Build.0 = Debug|Any CPU
		{78887A61-646C-4001-A862-9CB3C1988151}.Release|Any CPU.ActiveCfg = Release|Any CPU
		{78887A61-646C-4001-A862-9CB3C1988151}.Release|Any CPU.Build.0 = Release|Any CPU
	EndGlobalSection
	GlobalSection(SolutionProperties) = preSolution
		HideSolutionNode = FALSE
	EndGlobalSection
	GlobalSection(ExtensibilityGlobals) = postSolution
		SolutionGuid = {EC75C3E6-9B00-4461-BABD-FBB8CCD9E8DA}
	EndGlobalSection
EndGlobal
