
Microsoft Visual Studio Solution File, Format Version 12.00
# Visual Studio Version 17
VisualStudioVersion = 17.9.34701.34
MinimumVisualStudioVersion = 10.0.40219.1
Project("{FAE04EC0-301F-11D3-BF4B-00C04F79EFBC}") = "Outguess Finished", "Outguess Finished.csproj", "{F63A6A24-8C6E-424B-BE36-7060D954A859}"
EndProject
Global
	GlobalSection(SolutionConfigurationPlatforms) = preSolution
		Debug|Any CPU = Debug|Any CPU
		Release|Any CPU = Release|Any CPU
	EndGlobalSection
	GlobalSection(ProjectConfigurationPlatforms) = postSolution
		{F63A6A24-8C6E-424B-BE36-7060D954A859}.Debug|Any CPU.ActiveCfg = Debug|Any CPU
		{F63A6A24-8C6E-424B-BE36-7060D954A859}.Debug|Any CPU.Build.0 = Debug|Any CPU
		{F63A6A24-8C6E-424B-BE36-7060D954A859}.Release|Any CPU.ActiveCfg = Release|Any CPU
		{F63A6A24-8C6E-424B-BE36-7060D954A859}.Release|Any CPU.Build.0 = Release|Any CPU
	EndGlobalSection
	GlobalSection(SolutionProperties) = preSolution
		HideSolutionNode = FALSE
	EndGlobalSection
	GlobalSection(ExtensibilityGlobals) = postSolution
		SolutionGuid = {4E05390A-BF06-46FE-AFFC-7FEAEAFC24CB}
	EndGlobalSection
EndGlobal
